
Microsoft Visual Studio Solution File, Format Version 12.00
# Visual Studio Version 16
VisualStudioVersion = 16.0.34031.81
MinimumVisualStudioVersion = 10.0.40219.1
Project("{2150E333-8FDC-42A3-9474-1A3956D46DE8}") = "Task0", "Task0", "{92CB9712-8F43-457B-A76F-9B5E90779B89}"
EndProject
Project("{FAE04EC0-301F-11D3-BF4B-00C04F79EFBC}") = "Tyuiu.ShtolAA.Sprint5.Task0.V2", "Tyuiu.ShtolAA.Sprint5.Task0.V2\Tyuiu.ShtolAA.Sprint5.Task0.V2.csproj", "{A426CC95-A2E2-488B-BA47-550E49D736FD}"
EndProject
Project("{FAE04EC0-301F-11D3-BF4B-00C04F79EFBC}") = "Tyuiu.ShtolAA.Sprint5.Task0.V2.Lib", "Tyuiu.ShtolAA.Sprint5.Task0.V2.Lib\Tyuiu.ShtolAA.Sprint5.Task0.V2.Lib.csproj", "{3504148A-2499-479E-A497-366591BC37C5}"
EndProject
Project("{FAE04EC0-301F-11D3-BF4B-00C04F79EFBC}") = "Tyuiu.ShtolAA.Sprint5.Task0.V2.Test", "Tyuiu.ShtolAA.Sprint5.Task0.V2.Test\Tyuiu.ShtolAA.Sprint5.Task0.V2.Test.csproj", "{9BE9B828-4131-493C-A1DF-D8FFC9DD8315}"
EndProject
Project("{2150E333-8FDC-42A3-9474-1A3956D46DE8}") = "Task1", "Task1", "{3417DA0C-8BC8-4A28-9E03-86348EFFCF1D}"
EndProject
Project("{FAE04EC0-301F-11D3-BF4B-00C04F79EFBC}") = "Tyuiu.ShtolAA.Sprint5.Task1.V28", "Tyuiu.ShtolAA.Sprint5.Task1.V28\Tyuiu.ShtolAA.Sprint5.Task1.V28.csproj", "{60192E51-BF92-4742-8AE6-0CB284D42660}"
EndProject
Project("{FAE04EC0-301F-11D3-BF4B-00C04F79EFBC}") = "Tyuiu.ShtolAA.Sprint5.Task1.V28.Lib", "Tyuiu.ShtolAA.Sprint5.Task1.V28.Lib\Tyuiu.ShtolAA.Sprint5.Task1.V28.Lib.csproj", "{155181A2-5A72-416E-9D08-D44E20B585C0}"
EndProject
Project("{FAE04EC0-301F-11D3-BF4B-00C04F79EFBC}") = "Tyuiu.ShtolAA.Sprint5.Task1.V28.Test", "Tyuiu.ShtolAA.Sprint5.Task1.V28.Test\Tyuiu.ShtolAA.Sprint5.Task1.V28.Test.csproj", "{CB79C78B-F72C-47F3-884A-A2C2699F362D}"
EndProject
Project("{2150E333-8FDC-42A3-9474-1A3956D46DE8}") = "Task2", "Task2", "{12E2F6BB-A400-4490-8561-51B776D2BC32}"
EndProject
Project("{FAE04EC0-301F-11D3-BF4B-00C04F79EFBC}") = "Tyuiu.ShtolAA.Sprint5.Task2.V3", "Tyuiu.ShtolAA.Sprint5.Task2.V3\Tyuiu.ShtolAA.Sprint5.Task2.V3.csproj", "{32B0ED24-FB22-43CF-8699-2FA5D27A05C1}"
EndProject
Project("{FAE04EC0-301F-11D3-BF4B-00C04F79EFBC}") = "Tyuiu.ShtolAA.Sprint5.Task2.V3.Lib", "Tyuiu.ShtolAA.Sprint5.Task2.V3.Lib\Tyuiu.ShtolAA.Sprint5.Task2.V3.Lib.csproj", "{8B6B337F-0978-445A-AE02-7C3FB9510903}"
EndProject
Project("{FAE04EC0-301F-11D3-BF4B-00C04F79EFBC}") = "Tyuiu.ShtolAA.Sprint5.Task2.V3.Test", "Tyuiu.ShtolAA.Sprint5.Task2.V3.Test\Tyuiu.ShtolAA.Sprint5.Task2.V3.Test.csproj", "{7A2A7C3E-FE8E-49C3-86E4-69AEEFF7B259}"
EndProject
Project("{2150E333-8FDC-42A3-9474-1A3956D46DE8}") = "Task3", "Task3", "{B6D8423C-3B1D-4465-8C70-84054395E4E5}"
EndProject
Project("{FAE04EC0-301F-11D3-BF4B-00C04F79EFBC}") = "Tyuiu.ShtolAA.Sprint5.Task3.V28", "Tyuiu.ShtolAA.Sprint5.Task3.V28\Tyuiu.ShtolAA.Sprint5.Task3.V28.csproj", "{413B98C6-F9A9-409D-BF80-1FC8BB17AE0F}"
EndProject
Project("{FAE04EC0-301F-11D3-BF4B-00C04F79EFBC}") = "Tyuiu.ShtolAA.Sprint5.Task3.V28.Lib", "Tyuiu.ShtolAA.Sprint5.Task3.V28.Lib\Tyuiu.ShtolAA.Sprint5.Task3.V28.Lib.csproj", "{BAA161C7-8F2D-4C82-ABCB-15A8B511F7AC}"
EndProject
Project("{FAE04EC0-301F-11D3-BF4B-00C04F79EFBC}") = "Tyuiu.ShtolAA.Sprint5.Task3.V28.Test", "Tyuiu.ShtolAA.Sprint5.Task3.V28.Test\Tyuiu.ShtolAA.Sprint5.Task3.V28.Test.csproj", "{7412F25D-ABC1-4660-AE92-B3A7CE21C3E1}"
EndProject
Global
	GlobalSection(SolutionConfigurationPlatforms) = preSolution
		Debug|Any CPU = Debug|Any CPU
		Release|Any CPU = Release|Any CPU
	EndGlobalSection
	GlobalSection(ProjectConfigurationPlatforms) = postSolution
		{A426CC95-A2E2-488B-BA47-550E49D736FD}.Debug|Any CPU.ActiveCfg = Debug|Any CPU
		{A426CC95-A2E2-488B-BA47-550E49D736FD}.Debug|Any CPU.Build.0 = Debug|Any CPU
		{A426CC95-A2E2-488B-BA47-550E49D736FD}.Release|Any CPU.ActiveCfg = Release|Any CPU
		{A426CC95-A2E2-488B-BA47-550E49D736FD}.Release|Any CPU.Build.0 = Release|Any CPU
		{3504148A-2499-479E-A497-366591BC37C5}.Debug|Any CPU.ActiveCfg = Debug|Any CPU
		{3504148A-2499-479E-A497-366591BC37C5}.Debug|Any CPU.Build.0 = Debug|Any CPU
		{3504148A-2499-479E-A497-366591BC37C5}.Release|Any CPU.ActiveCfg = Release|Any CPU
		{3504148A-2499-479E-A497-366591BC37C5}.Release|Any CPU.Build.0 = Release|Any CPU
		{9BE9B828-4131-493C-A1DF-D8FFC9DD8315}.Debug|Any CPU.ActiveCfg = Debug|Any CPU
		{9BE9B828-4131-493C-A1DF-D8FFC9DD8315}.Debug|Any CPU.Build.0 = Debug|Any CPU
		{9BE9B828-4131-493C-A1DF-D8FFC9DD8315}.Release|Any CPU.ActiveCfg = Release|Any CPU
		{9BE9B828-4131-493C-A1DF-D8FFC9DD8315}.Release|Any CPU.Build.0 = Release|Any CPU
		{60192E51-BF92-4742-8AE6-0CB284D42660}.Debug|Any CPU.ActiveCfg = Debug|Any CPU
		{60192E51-BF92-4742-8AE6-0CB284D42660}.Debug|Any CPU.Build.0 = Debug|Any CPU
		{60192E51-BF92-4742-8AE6-0CB284D42660}.Release|Any CPU.ActiveCfg = Release|Any CPU
		{60192E51-BF92-4742-8AE6-0CB284D42660}.Release|Any CPU.Build.0 = Release|Any CPU
		{155181A2-5A72-416E-9D08-D44E20B585C0}.Debug|Any CPU.ActiveCfg = Debug|Any CPU
		{155181A2-5A72-416E-9D08-D44E20B585C0}.Debug|Any CPU.Build.0 = Debug|Any CPU
		{155181A2-5A72-416E-9D08-D44E20B585C0}.Release|Any CPU.ActiveCfg = Release|Any CPU
		{155181A2-5A72-416E-9D08-D44E20B585C0}.Release|Any CPU.Build.0 = Release|Any CPU
		{CB79C78B-F72C-47F3-884A-A2C2699F362D}.Debug|Any CPU.ActiveCfg = Debug|Any CPU
		{CB79C78B-F72C-47F3-884A-A2C2699F362D}.Debug|Any CPU.Build.0 = Debug|Any CPU
		{CB79C78B-F72C-47F3-884A-A2C2699F362D}.Release|Any CPU.ActiveCfg = Release|Any CPU
		{CB79C78B-F72C-47F3-884A-A2C2699F362D}.Release|Any CPU.Build.0 = Release|Any CPU
		{32B0ED24-FB22-43CF-8699-2FA5D27A05C1}.Debug|Any CPU.ActiveCfg = Debug|Any CPU
		{32B0ED24-FB22-43CF-8699-2FA5D27A05C1}.Debug|Any CPU.Build.0 = Debug|Any CPU
		{32B0ED24-FB22-43CF-8699-2FA5D27A05C1}.Release|Any CPU.ActiveCfg = Release|Any CPU
		{32B0ED24-FB22-43CF-8699-2FA5D27A05C1}.Release|Any CPU.Build.0 = Release|Any CPU
		{8B6B337F-0978-445A-AE02-7C3FB9510903}.Debug|Any CPU.ActiveCfg = Debug|Any CPU
		{8B6B337F-0978-445A-AE02-7C3FB9510903}.Debug|Any CPU.Build.0 = Debug|Any CPU
		{8B6B337F-0978-445A-AE02-7C3FB9510903}.Release|Any CPU.ActiveCfg = Release|Any CPU
		{8B6B337F-0978-445A-AE02-7C3FB9510903}.Release|Any CPU.Build.0 = Release|Any CPU
		{7A2A7C3E-FE8E-49C3-86E4-69AEEFF7B259}.Debug|Any CPU.ActiveCfg = Debug|Any CPU
		{7A2A7C3E-FE8E-49C3-86E4-69AEEFF7B259}.Debug|Any CPU.Build.0 = Debug|Any CPU
		{7A2A7C3E-FE8E-49C3-86E4-69AEEFF7B259}.Release|Any CPU.ActiveCfg = Release|Any CPU
		{7A2A7C3E-FE8E-49C3-86E4-69AEEFF7B259}.Release|Any CPU.Build.0 = Release|Any CPU
		{413B98C6-F9A9-409D-BF80-1FC8BB17AE0F}.Debug|Any CPU.ActiveCfg = Debug|Any CPU
		{413B98C6-F9A9-409D-BF80-1FC8BB17AE0F}.Debug|Any CPU.Build.0 = Debug|Any CPU
		{413B98C6-F9A9-409D-BF80-1FC8BB17AE0F}.Release|Any CPU.ActiveCfg = Release|Any CPU
		{413B98C6-F9A9-409D-BF80-1FC8BB17AE0F}.Release|Any CPU.Build.0 = Release|Any CPU
		{BAA161C7-8F2D-4C82-ABCB-15A8B511F7AC}.Debug|Any CPU.ActiveCfg = Debug|Any CPU
		{BAA161C7-8F2D-4C82-ABCB-15A8B511F7AC}.Debug|Any CPU.Build.0 = Debug|Any CPU
		{BAA161C7-8F2D-4C82-ABCB-15A8B511F7AC}.Release|Any CPU.ActiveCfg = Release|Any CPU
		{BAA161C7-8F2D-4C82-ABCB-15A8B511F7AC}.Release|Any CPU.Build.0 = Release|Any CPU
		{7412F25D-ABC1-4660-AE92-B3A7CE21C3E1}.Debug|Any CPU.ActiveCfg = Debug|Any CPU
		{7412F25D-ABC1-4660-AE92-B3A7CE21C3E1}.Debug|Any CPU.Build.0 = Debug|Any CPU
		{7412F25D-ABC1-4660-AE92-B3A7CE21C3E1}.Release|Any CPU.ActiveCfg = Release|Any CPU
		{7412F25D-ABC1-4660-AE92-B3A7CE21C3E1}.Release|Any CPU.Build.0 = Release|Any CPU
	EndGlobalSection
	GlobalSection(SolutionProperties) = preSolution
		HideSolutionNode = FALSE
	EndGlobalSection
	GlobalSection(NestedProjects) = preSolution
		{A426CC95-A2E2-488B-BA47-550E49D736FD} = {92CB9712-8F43-457B-A76F-9B5E90779B89}
		{3504148A-2499-479E-A497-366591BC37C5} = {92CB9712-8F43-457B-A76F-9B5E90779B89}
		{9BE9B828-4131-493C-A1DF-D8FFC9DD8315} = {92CB9712-8F43-457B-A76F-9B5E90779B89}
		{60192E51-BF92-4742-8AE6-0CB284D42660} = {3417DA0C-8BC8-4A28-9E03-86348EFFCF1D}
		{155181A2-5A72-416E-9D08-D44E20B585C0} = {3417DA0C-8BC8-4A28-9E03-86348EFFCF1D}
		{CB79C78B-F72C-47F3-884A-A2C2699F362D} = {3417DA0C-8BC8-4A28-9E03-86348EFFCF1D}
		{32B0ED24-FB22-43CF-8699-2FA5D27A05C1} = {12E2F6BB-A400-4490-8561-51B776D2BC32}
		{8B6B337F-0978-445A-AE02-7C3FB9510903} = {12E2F6BB-A400-4490-8561-51B776D2BC32}
		{7A2A7C3E-FE8E-49C3-86E4-69AEEFF7B259} = {12E2F6BB-A400-4490-8561-51B776D2BC32}
		{413B98C6-F9A9-409D-BF80-1FC8BB17AE0F} = {B6D8423C-3B1D-4465-8C70-84054395E4E5}
		{BAA161C7-8F2D-4C82-ABCB-15A8B511F7AC} = {B6D8423C-3B1D-4465-8C70-84054395E4E5}
		{7412F25D-ABC1-4660-AE92-B3A7CE21C3E1} = {B6D8423C-3B1D-4465-8C70-84054395E4E5}
	EndGlobalSection
	GlobalSection(ExtensibilityGlobals) = postSolution
		SolutionGuid = {533F76F8-8C45-4C9A-B708-5631D27CEF74}
	EndGlobalSection
EndGlobal
